
Microsoft Visual Studio Solution File, Format Version 12.00
# Visual Studio Version 17
VisualStudioVersion = 17.5.33424.131
MinimumVisualStudioVersion = 10.0.40219.1
Project("{9A19103F-16F7-4668-BE54-9A1E7A4F7556}") = "Scan.API", "Scan.API\Scan.API.csproj", "{2DC1D761-5C58-4566-94C4-588AA5A7E541}"
EndProject
Project("{FAE04EC0-301F-11D3-BF4B-00C04F79EFBC}") = "UserService", "UserService\UserService.csproj", "{C29B8D33-8BF7-478F-A24B-A65E792507C9}"
EndProject
Project("{FAE04EC0-301F-11D3-BF4B-00C04F79EFBC}") = "DiscountService", "DiscountService\DiscountService.csproj", "{A52273FA-417D-4A5A-AD85-AC6A6348AEB7}"
EndProject
Project("{FAE04EC0-301F-11D3-BF4B-00C04F79EFBC}") = "PaymentService", "PaymentService\PaymentService.csproj", "{2FFA3BCC-05A3-44EA-964B-C1CECA70C3A1}"
EndProject
Global
	GlobalSection(SolutionConfigurationPlatforms) = preSolution
		Debug|Any CPU = Debug|Any CPU
		Release|Any CPU = Release|Any CPU
	EndGlobalSection
	GlobalSection(ProjectConfigurationPlatforms) = postSolution
		{2DC1D761-5C58-4566-94C4-588AA5A7E541}.Debug|Any CPU.ActiveCfg = Debug|Any CPU
		{2DC1D761-5C58-4566-94C4-588AA5A7E541}.Debug|Any CPU.Build.0 = Debug|Any CPU
		{2DC1D761-5C58-4566-94C4-588AA5A7E541}.Release|Any CPU.ActiveCfg = Release|Any CPU
		{2DC1D761-5C58-4566-94C4-588AA5A7E541}.Release|Any CPU.Build.0 = Release|Any CPU
		{C29B8D33-8BF7-478F-A24B-A65E792507C9}.Debug|Any CPU.ActiveCfg = Debug|Any CPU
		{C29B8D33-8BF7-478F-A24B-A65E792507C9}.Debug|Any CPU.Build.0 = Debug|Any CPU
		{C29B8D33-8BF7-478F-A24B-A65E792507C9}.Release|Any CPU.ActiveCfg = Release|Any CPU
		{C29B8D33-8BF7-478F-A24B-A65E792507C9}.Release|Any CPU.Build.0 = Release|Any CPU
		{A52273FA-417D-4A5A-AD85-AC6A6348AEB7}.Debug|Any CPU.ActiveCfg = Debug|Any CPU
		{A52273FA-417D-4A5A-AD85-AC6A6348AEB7}.Debug|Any CPU.Build.0 = Debug|Any CPU
		{A52273FA-417D-4A5A-AD85-AC6A6348AEB7}.Release|Any CPU.ActiveCfg = Release|Any CPU
		{A52273FA-417D-4A5A-AD85-AC6A6348AEB7}.Release|Any CPU.Build.0 = Release|Any CPU
		{2FFA3BCC-05A3-44EA-964B-C1CECA70C3A1}.Debug|Any CPU.ActiveCfg = Debug|Any CPU
		{2FFA3BCC-05A3-44EA-964B-C1CECA70C3A1}.Debug|Any CPU.Build.0 = Debug|Any CPU
		{2FFA3BCC-05A3-44EA-964B-C1CECA70C3A1}.Release|Any CPU.ActiveCfg = Release|Any CPU
		{2FFA3BCC-05A3-44EA-964B-C1CECA70C3A1}.Release|Any CPU.Build.0 = Release|Any CPU
	EndGlobalSection
	GlobalSection(SolutionProperties) = preSolution
		HideSolutionNode = FALSE
	EndGlobalSection
	GlobalSection(ExtensibilityGlobals) = postSolution
		SolutionGuid = {4A33228C-8357-4E71-9323-E1650E571ABB}
	EndGlobalSection
EndGlobal
